# THIS IS AN AUTOGENERATED FILE. DO NOT EDIT THIS FILE DIRECTLY.
# yarn lockfile v1


"ansi-regex@^2.0.0":
  "integrity" "sha1-w7M6te42DYbg5ijwRorn7yfWVN8="
  "resolved" "https://registry.npmjs.org/ansi-regex/-/ansi-regex-2.1.1.tgz"
  "version" "2.1.1"

"neodoc@^2.0.2":
  "integrity" "sha512-NAppJ0YecKWdhSXFYCHbo6RutiX8vOt/Jo3l46mUg6pQlpJNaqc5cGxdrW2jITQm5JIYySbFVPDl3RrREXNyPw=="
  "resolved" "https://registry.npmjs.org/neodoc/-/neodoc-2.0.2.tgz"
  "version" "2.0.2"
  dependencies:
    "ansi-regex" "^2.0.0"

"uglify-js@^3.14.3":
  "integrity" "sha512-mic3aOdiq01DuSVx0TseaEzMIVqebMZ0Z3vaeDhFEh9bsc24hV1TFvN74reA2vs08D0ZWfNjAcJ3UbVLaBss+g=="
  "resolved" "https://registry.npmjs.org/uglify-js/-/uglify-js-3.14.3.tgz"
  "version" "3.14.3"
