# THIS IS AN AUTOGENERATED FILE. DO NOT EDIT THIS FILE DIRECTLY.
# yarn lockfile v1


ansi-regex@^2.0.0:
  version "2.1.1"
  resolved "https://registry.yarnpkg.com/ansi-regex/-/ansi-regex-2.1.1.tgz#c3b33ab5ee360d86e0e628f0468ae7ef27d654df"
  integrity sha1-w7M6te42DYbg5ijwRorn7yfWVN8=

neodoc@^2.0.2:
  version "2.0.2"
  resolved "https://registry.yarnpkg.com/neodoc/-/neodoc-2.0.2.tgz#ad00b30b9758379dcd3cf752a0659bacbab2c4fb"
  integrity sha512-NAppJ0YecKWdhSXFYCHbo6RutiX8vOt/Jo3l46mUg6pQlpJNaqc5cGxdrW2jITQm5JIYySbFVPDl3RrREXNyPw==
  dependencies:
    ansi-regex "^2.0.0"

uglify-js@^3.14.3:
  version "3.14.3"
  resolved "https://registry.yarnpkg.com/uglify-js/-/uglify-js-3.14.3.tgz#c0f25dfea1e8e5323eccf59610be08b6043c15cf"
  integrity sha512-mic3aOdiq01DuSVx0TseaEzMIVqebMZ0Z3vaeDhFEh9bsc24hV1TFvN74reA2vs08D0ZWfNjAcJ3UbVLaBss+g==
